
Microsoft Visual Studio Solution File, Format Version 12.00
# Visual Studio Version 17
VisualStudioVersion = 17.4.33122.133
MinimumVisualStudioVersion = 10.0.40219.1
Project("{9A19103F-16F7-4668-BE54-9A1E7A4F7556}") = "HelloWorldTut", "HelloWorldTut\HelloWorldTut.csproj", "{11209883-EAFA-4A66-A2E3-5CA0418A84EB}"
EndProject
Project("{2150E333-8FDC-42A3-9474-1A3956D46DE8}") = "Solution Items", "Solution Items", "{8F073203-E55C-4A1F-A010-2B087697CA14}"
	ProjectSection(SolutionItems) = preProject
		Tutorials3.cs = Tutorials3.cs
	EndProjectSection
EndProject
Global
	GlobalSection(SolutionConfigurationPlatforms) = preSolution
		Debug|Any CPU = Debug|Any CPU
		Release|Any CPU = Release|Any CPU
	EndGlobalSection
	GlobalSection(ProjectConfigurationPlatforms) = postSolution
		{11209883-EAFA-4A66-A2E3-5CA0418A84EB}.Debug|Any CPU.ActiveCfg = Debug|Any CPU
		{11209883-EAFA-4A66-A2E3-5CA0418A84EB}.Debug|Any CPU.Build.0 = Debug|Any CPU
		{11209883-EAFA-4A66-A2E3-5CA0418A84EB}.Release|Any CPU.ActiveCfg = Release|Any CPU
		{11209883-EAFA-4A66-A2E3-5CA0418A84EB}.Release|Any CPU.Build.0 = Release|Any CPU
	EndGlobalSection
	GlobalSection(SolutionProperties) = preSolution
		HideSolutionNode = FALSE
	EndGlobalSection
	GlobalSection(ExtensibilityGlobals) = postSolution
		SolutionGuid = {A6CAEC7C-B03B-4890-B8EC-1D45B54CC30C}
	EndGlobalSection
EndGlobal
